
Microsoft Visual Studio Solution File, Format Version 12.00
# Visual Studio Version 16
VisualStudioVersion = 16.0.31313.79
MinimumVisualStudioVersion = 10.0.40219.1
Project("{FAE04EC0-301F-11D3-BF4B-00C04F79EFBC}") = "Registro_De_Prestamos", "Registro_De_Prestamos.csproj", "{4BB19398-0839-457C-B441-5DC40312E226}"
EndProject
Project("{FAE04EC0-301F-11D3-BF4B-00C04F79EFBC}") = "Registro_De_PrestamosTests", "..\Registro_De_PrestamosTests\Registro_De_PrestamosTests.csproj", "{732B3B22-CE38-4278-BFD2-8CC41DE69DDC}"
EndProject
Global
	GlobalSection(SolutionConfigurationPlatforms) = preSolution
		Debug|Any CPU = Debug|Any CPU
		Release|Any CPU = Release|Any CPU
	EndGlobalSection
	GlobalSection(ProjectConfigurationPlatforms) = postSolution
		{4BB19398-0839-457C-B441-5DC40312E226}.Debug|Any CPU.ActiveCfg = Debug|Any CPU
		{4BB19398-0839-457C-B441-5DC40312E226}.Debug|Any CPU.Build.0 = Debug|Any CPU
		{4BB19398-0839-457C-B441-5DC40312E226}.Release|Any CPU.ActiveCfg = Release|Any CPU
		{4BB19398-0839-457C-B441-5DC40312E226}.Release|Any CPU.Build.0 = Release|Any CPU
		{732B3B22-CE38-4278-BFD2-8CC41DE69DDC}.Debug|Any CPU.ActiveCfg = Debug|Any CPU
		{732B3B22-CE38-4278-BFD2-8CC41DE69DDC}.Debug|Any CPU.Build.0 = Debug|Any CPU
		{732B3B22-CE38-4278-BFD2-8CC41DE69DDC}.Release|Any CPU.ActiveCfg = Release|Any CPU
		{732B3B22-CE38-4278-BFD2-8CC41DE69DDC}.Release|Any CPU.Build.0 = Release|Any CPU
	EndGlobalSection
	GlobalSection(SolutionProperties) = preSolution
		HideSolutionNode = FALSE
	EndGlobalSection
	GlobalSection(ExtensibilityGlobals) = postSolution
		SolutionGuid = {0C3E19EB-C589-47D7-A5DB-B6D90CA7F83A}
	EndGlobalSection
EndGlobal
